
Microsoft Visual Studio Solution File, Format Version 12.00
# Visual Studio Version 17
VisualStudioVersion = 17.11.35327.3
MinimumVisualStudioVersion = 10.0.40219.1
Project("{FAE04EC0-301F-11D3-BF4B-00C04F79EFBC}") = "P3_Analisis", "P3_Analisis.csproj", "{B7676DC5-134E-485C-A6F8-5EDDB1425FCF}"
EndProject
Global
	GlobalSection(SolutionConfigurationPlatforms) = preSolution
		Debug|Any CPU = Debug|Any CPU
		Release|Any CPU = Release|Any CPU
	EndGlobalSection
	GlobalSection(ProjectConfigurationPlatforms) = postSolution
		{B7676DC5-134E-485C-A6F8-5EDDB1425FCF}.Debug|Any CPU.ActiveCfg = Debug|Any CPU
		{B7676DC5-134E-485C-A6F8-5EDDB1425FCF}.Debug|Any CPU.Build.0 = Debug|Any CPU
		{B7676DC5-134E-485C-A6F8-5EDDB1425FCF}.Release|Any CPU.ActiveCfg = Release|Any CPU
		{B7676DC5-134E-485C-A6F8-5EDDB1425FCF}.Release|Any CPU.Build.0 = Release|Any CPU
	EndGlobalSection
	GlobalSection(SolutionProperties) = preSolution
		HideSolutionNode = FALSE
	EndGlobalSection
	GlobalSection(ExtensibilityGlobals) = postSolution
		SolutionGuid = {480B2C6A-4B92-438E-9C38-7AD6CA4AF3DE}
	EndGlobalSection
EndGlobal
